
Microsoft Visual Studio Solution File, Format Version 12.00
# Visual Studio Version 17
VisualStudioVersion = 17.4.33213.308
MinimumVisualStudioVersion = 10.0.40219.1
Project("{FAE04EC0-301F-11D3-BF4B-00C04F79EFBC}") = "ServicePortal", "ServicePortal\ServicePortal.csproj", "{22FB456C-546E-42DD-9CF1-1B5363D26482}"
EndProject
Global
	GlobalSection(SolutionConfigurationPlatforms) = preSolution
		Debug|Any CPU = Debug|Any CPU
		Release|Any CPU = Release|Any CPU
	EndGlobalSection
	GlobalSection(ProjectConfigurationPlatforms) = postSolution
		{22FB456C-546E-42DD-9CF1-1B5363D26482}.Debug|Any CPU.ActiveCfg = Debug|Any CPU
		{22FB456C-546E-42DD-9CF1-1B5363D26482}.Debug|Any CPU.Build.0 = Debug|Any CPU
		{22FB456C-546E-42DD-9CF1-1B5363D26482}.Release|Any CPU.ActiveCfg = Release|Any CPU
		{22FB456C-546E-42DD-9CF1-1B5363D26482}.Release|Any CPU.Build.0 = Release|Any CPU
	EndGlobalSection
	GlobalSection(SolutionProperties) = preSolution
		HideSolutionNode = FALSE
	EndGlobalSection
	GlobalSection(ExtensibilityGlobals) = postSolution
		SolutionGuid = {99BC50FC-2C23-48AF-8C20-41305D682790}
	EndGlobalSection
EndGlobal
